
Microsoft Visual Studio Solution File, Format Version 12.00
# Visual Studio Version 16
VisualStudioVersion = 16.0.29324.140
MinimumVisualStudioVersion = 10.0.40219.1
Project("{FAE04EC0-301F-11D3-BF4B-00C04F79EFBC}") = "ScheduleApp", "ScheduleApp\ScheduleApp.csproj", "{7CD08CE8-8469-4E1D-ADBC-A238C40C8DD9}"
EndProject
Global
	GlobalSection(SolutionConfigurationPlatforms) = preSolution
		Debug|Any CPU = Debug|Any CPU
		Release|Any CPU = Release|Any CPU
	EndGlobalSection
	GlobalSection(ProjectConfigurationPlatforms) = postSolution
		{7CD08CE8-8469-4E1D-ADBC-A238C40C8DD9}.Debug|Any CPU.ActiveCfg = Debug|Any CPU
		{7CD08CE8-8469-4E1D-ADBC-A238C40C8DD9}.Debug|Any CPU.Build.0 = Debug|Any CPU
		{7CD08CE8-8469-4E1D-ADBC-A238C40C8DD9}.Release|Any CPU.ActiveCfg = Release|Any CPU
		{7CD08CE8-8469-4E1D-ADBC-A238C40C8DD9}.Release|Any CPU.Build.0 = Release|Any CPU
	EndGlobalSection
	GlobalSection(SolutionProperties) = preSolution
		HideSolutionNode = FALSE
	EndGlobalSection
	GlobalSection(ExtensibilityGlobals) = postSolution
		SolutionGuid = {2385EFA0-4FE1-4E02-BF3E-B027D6EA77A1}
	EndGlobalSection
EndGlobal
